
Microsoft Visual Studio Solution File, Format Version 12.00
# Visual Studio Version 16
VisualStudioVersion = 16.0.31829.152
MinimumVisualStudioVersion = 10.0.40219.1
Project("{FAE04EC0-301F-11D3-BF4B-00C04F79EFBC}") = "api.conevento", "api.conevento\api.conevento.csproj", "{71134779-D1DF-49D0-B693-278FA1B9B666}"
EndProject
Project("{FAE04EC0-301F-11D3-BF4B-00C04F79EFBC}") = "biz.conevento", "biz.conevento\biz.conevento.csproj", "{BC74BBD8-A1CE-489C-A35A-B0B4D51BCA10}"
EndProject
Project("{FAE04EC0-301F-11D3-BF4B-00C04F79EFBC}") = "dal.conevento", "dal.conevento\dal.conevento.csproj", "{EC4B2262-8A93-4D9C-AEB3-3CB2695B528E}"
EndProject
Global
	GlobalSection(SolutionConfigurationPlatforms) = preSolution
		Debug|Any CPU = Debug|Any CPU
		Release|Any CPU = Release|Any CPU
	EndGlobalSection
	GlobalSection(ProjectConfigurationPlatforms) = postSolution
		{71134779-D1DF-49D0-B693-278FA1B9B666}.Debug|Any CPU.ActiveCfg = Debug|Any CPU
		{71134779-D1DF-49D0-B693-278FA1B9B666}.Debug|Any CPU.Build.0 = Debug|Any CPU
		{71134779-D1DF-49D0-B693-278FA1B9B666}.Release|Any CPU.ActiveCfg = Release|Any CPU
		{71134779-D1DF-49D0-B693-278FA1B9B666}.Release|Any CPU.Build.0 = Release|Any CPU
		{BC74BBD8-A1CE-489C-A35A-B0B4D51BCA10}.Debug|Any CPU.ActiveCfg = Debug|Any CPU
		{BC74BBD8-A1CE-489C-A35A-B0B4D51BCA10}.Debug|Any CPU.Build.0 = Debug|Any CPU
		{BC74BBD8-A1CE-489C-A35A-B0B4D51BCA10}.Release|Any CPU.ActiveCfg = Release|Any CPU
		{BC74BBD8-A1CE-489C-A35A-B0B4D51BCA10}.Release|Any CPU.Build.0 = Release|Any CPU
		{EC4B2262-8A93-4D9C-AEB3-3CB2695B528E}.Debug|Any CPU.ActiveCfg = Debug|Any CPU
		{EC4B2262-8A93-4D9C-AEB3-3CB2695B528E}.Debug|Any CPU.Build.0 = Debug|Any CPU
		{EC4B2262-8A93-4D9C-AEB3-3CB2695B528E}.Release|Any CPU.ActiveCfg = Release|Any CPU
		{EC4B2262-8A93-4D9C-AEB3-3CB2695B528E}.Release|Any CPU.Build.0 = Release|Any CPU
	EndGlobalSection
	GlobalSection(SolutionProperties) = preSolution
		HideSolutionNode = FALSE
	EndGlobalSection
	GlobalSection(ExtensibilityGlobals) = postSolution
		SolutionGuid = {E00B8F1F-FBA9-4128-AF70-7DF3216A6492}
	EndGlobalSection
EndGlobal
